
Microsoft Visual Studio Solution File, Format Version 12.00
# Visual Studio 15
Project("{FAE04EC0-301F-11D3-BF4B-00C04F79EFBC}") = "Assembly-CSharp", "Assembly-CSharp.csproj", "{A068801B-F3CB-1603-0D61-F5D7772B36C7}"
EndProject
Project("{FAE04EC0-301F-11D3-BF4B-00C04F79EFBC}") = "Assembly-CSharp-firstpass", "Assembly-CSharp-firstpass.csproj", "{0A7DE8A6-20A1-1F5A-F482-002143969B4F}"
EndProject
Project("{FAE04EC0-301F-11D3-BF4B-00C04F79EFBC}") = "Assembly-CSharp-Editor", "Assembly-CSharp-Editor.csproj", "{1652C943-7F56-92A5-E92A-9055C5952193}"
EndProject
Global
	GlobalSection(SolutionConfigurationPlatforms) = preSolution
		Debug|Any CPU = Debug|Any CPU
		Release|Any CPU = Release|Any CPU
	EndGlobalSection
	GlobalSection(ProjectConfigurationPlatforms) = postSolution
		{A068801B-F3CB-1603-0D61-F5D7772B36C7}.Debug|Any CPU.ActiveCfg = Debug|Any CPU
		{A068801B-F3CB-1603-0D61-F5D7772B36C7}.Debug|Any CPU.Build.0 = Debug|Any CPU
		{A068801B-F3CB-1603-0D61-F5D7772B36C7}.Release|Any CPU.ActiveCfg = Release|Any CPU
		{A068801B-F3CB-1603-0D61-F5D7772B36C7}.Release|Any CPU.Build.0 = Release|Any CPU
		{0A7DE8A6-20A1-1F5A-F482-002143969B4F}.Debug|Any CPU.ActiveCfg = Debug|Any CPU
		{0A7DE8A6-20A1-1F5A-F482-002143969B4F}.Debug|Any CPU.Build.0 = Debug|Any CPU
		{0A7DE8A6-20A1-1F5A-F482-002143969B4F}.Release|Any CPU.ActiveCfg = Release|Any CPU
		{0A7DE8A6-20A1-1F5A-F482-002143969B4F}.Release|Any CPU.Build.0 = Release|Any CPU
		{1652C943-7F56-92A5-E92A-9055C5952193}.Debug|Any CPU.ActiveCfg = Debug|Any CPU
		{1652C943-7F56-92A5-E92A-9055C5952193}.Debug|Any CPU.Build.0 = Debug|Any CPU
		{1652C943-7F56-92A5-E92A-9055C5952193}.Release|Any CPU.ActiveCfg = Release|Any CPU
		{1652C943-7F56-92A5-E92A-9055C5952193}.Release|Any CPU.Build.0 = Release|Any CPU
	EndGlobalSection
	GlobalSection(SolutionProperties) = preSolution
		HideSolutionNode = FALSE
	EndGlobalSection
EndGlobal
