
Microsoft Visual Studio Solution File, Format Version 12.00
# Visual Studio 15
Project("{FAE04EC0-301F-11D3-BF4B-00C04F79EFBC}") = "Assembly-CSharp", "Assembly-CSharp.csproj", "{26F3EAED-32BF-D1A8-76CE-23A07ECC2E5A}"
EndProject
Project("{FAE04EC0-301F-11D3-BF4B-00C04F79EFBC}") = "Assembly-CSharp-firstpass", "Assembly-CSharp-firstpass.csproj", "{C0D89633-8C2F-E869-6399-B8D20E12398D}"
EndProject
Project("{FAE04EC0-301F-11D3-BF4B-00C04F79EFBC}") = "Assembly-CSharp-Editor", "Assembly-CSharp-Editor.csproj", "{61E605DD-6085-BD9B-CFAC-8A303289D798}"
EndProject
Global
	GlobalSection(SolutionConfigurationPlatforms) = preSolution
		Debug|Any CPU = Debug|Any CPU
		Release|Any CPU = Release|Any CPU
	EndGlobalSection
	GlobalSection(ProjectConfigurationPlatforms) = postSolution
		{26F3EAED-32BF-D1A8-76CE-23A07ECC2E5A}.Debug|Any CPU.ActiveCfg = Debug|Any CPU
		{26F3EAED-32BF-D1A8-76CE-23A07ECC2E5A}.Debug|Any CPU.Build.0 = Debug|Any CPU
		{26F3EAED-32BF-D1A8-76CE-23A07ECC2E5A}.Release|Any CPU.ActiveCfg = Release|Any CPU
		{26F3EAED-32BF-D1A8-76CE-23A07ECC2E5A}.Release|Any CPU.Build.0 = Release|Any CPU
		{C0D89633-8C2F-E869-6399-B8D20E12398D}.Debug|Any CPU.ActiveCfg = Debug|Any CPU
		{C0D89633-8C2F-E869-6399-B8D20E12398D}.Debug|Any CPU.Build.0 = Debug|Any CPU
		{C0D89633-8C2F-E869-6399-B8D20E12398D}.Release|Any CPU.ActiveCfg = Release|Any CPU
		{C0D89633-8C2F-E869-6399-B8D20E12398D}.Release|Any CPU.Build.0 = Release|Any CPU
		{61E605DD-6085-BD9B-CFAC-8A303289D798}.Debug|Any CPU.ActiveCfg = Debug|Any CPU
		{61E605DD-6085-BD9B-CFAC-8A303289D798}.Debug|Any CPU.Build.0 = Debug|Any CPU
		{61E605DD-6085-BD9B-CFAC-8A303289D798}.Release|Any CPU.ActiveCfg = Release|Any CPU
		{61E605DD-6085-BD9B-CFAC-8A303289D798}.Release|Any CPU.Build.0 = Release|Any CPU
	EndGlobalSection
	GlobalSection(SolutionProperties) = preSolution
		HideSolutionNode = FALSE
	EndGlobalSection
EndGlobal
